
Microsoft Visual Studio Solution File, Format Version 12.00
# Visual Studio Version 17
VisualStudioVersion = 17.2.32630.192
MinimumVisualStudioVersion = 10.0.40219.1
Project("{FAE04EC0-301F-11D3-BF4B-00C04F79EFBC}") = "Proj_EF_Formula1_DBFirst", "Proj_EF_Formula1_DBFirst\Proj_EF_Formula1_DBFirst.csproj", "{1341B1EE-C916-46AB-8D42-80587FADF013}"
EndProject
Global
	GlobalSection(SolutionConfigurationPlatforms) = preSolution
		Debug|Any CPU = Debug|Any CPU
		Release|Any CPU = Release|Any CPU
	EndGlobalSection
	GlobalSection(ProjectConfigurationPlatforms) = postSolution
		{1341B1EE-C916-46AB-8D42-80587FADF013}.Debug|Any CPU.ActiveCfg = Debug|Any CPU
		{1341B1EE-C916-46AB-8D42-80587FADF013}.Debug|Any CPU.Build.0 = Debug|Any CPU
		{1341B1EE-C916-46AB-8D42-80587FADF013}.Release|Any CPU.ActiveCfg = Release|Any CPU
		{1341B1EE-C916-46AB-8D42-80587FADF013}.Release|Any CPU.Build.0 = Release|Any CPU
	EndGlobalSection
	GlobalSection(SolutionProperties) = preSolution
		HideSolutionNode = FALSE
	EndGlobalSection
	GlobalSection(ExtensibilityGlobals) = postSolution
		SolutionGuid = {3FCF0625-F898-4268-B1AC-ABA3EB5B7079}
	EndGlobalSection
EndGlobal
